
Microsoft Visual Studio Solution File, Format Version 12.00
# Visual Studio 2013
VisualStudioVersion = 12.0.40629.0
MinimumVisualStudioVersion = 10.0.40219.1
Project("{FAE04EC0-301F-11D3-BF4B-00C04F79EFBC}") = "tyxiao.qdd.webui", "tyxiao.qdd.webui\tyxiao.qdd.webui.csproj", "{E602F5E3-2CA1-48E9-93CB-0AE5CB9F1087}"
EndProject
Project("{FAE04EC0-301F-11D3-BF4B-00C04F79EFBC}") = "tyxiao.qdd.webui.Tests", "tyxiao.qdd.webui.Tests\tyxiao.qdd.webui.Tests.csproj", "{B8FFB406-C5FD-4A55-8525-00DC5865D3CA}"
EndProject
Global
	GlobalSection(SolutionConfigurationPlatforms) = preSolution
		Debug|Any CPU = Debug|Any CPU
		Release|Any CPU = Release|Any CPU
	EndGlobalSection
	GlobalSection(ProjectConfigurationPlatforms) = postSolution
		{E602F5E3-2CA1-48E9-93CB-0AE5CB9F1087}.Debug|Any CPU.ActiveCfg = Debug|Any CPU
		{E602F5E3-2CA1-48E9-93CB-0AE5CB9F1087}.Debug|Any CPU.Build.0 = Debug|Any CPU
		{E602F5E3-2CA1-48E9-93CB-0AE5CB9F1087}.Release|Any CPU.ActiveCfg = Release|Any CPU
		{E602F5E3-2CA1-48E9-93CB-0AE5CB9F1087}.Release|Any CPU.Build.0 = Release|Any CPU
		{B8FFB406-C5FD-4A55-8525-00DC5865D3CA}.Debug|Any CPU.ActiveCfg = Debug|Any CPU
		{B8FFB406-C5FD-4A55-8525-00DC5865D3CA}.Debug|Any CPU.Build.0 = Debug|Any CPU
		{B8FFB406-C5FD-4A55-8525-00DC5865D3CA}.Release|Any CPU.ActiveCfg = Release|Any CPU
		{B8FFB406-C5FD-4A55-8525-00DC5865D3CA}.Release|Any CPU.Build.0 = Release|Any CPU
	EndGlobalSection
	GlobalSection(SolutionProperties) = preSolution
		HideSolutionNode = FALSE
	EndGlobalSection
EndGlobal
